
Microsoft Visual Studio Solution File, Format Version 12.00
# Visual Studio Version 17
VisualStudioVersion = 17.7.34031.279
MinimumVisualStudioVersion = 10.0.40219.1
Project("{FAE04EC0-301F-11D3-BF4B-00C04F79EFBC}") = "Monogame Lesson 2", "Monogame Lesson 2.csproj", "{FE96EDBD-6C5C-484F-8C28-527F89D477A7}"
EndProject
Global
	GlobalSection(SolutionConfigurationPlatforms) = preSolution
		Debug|Any CPU = Debug|Any CPU
		Release|Any CPU = Release|Any CPU
	EndGlobalSection
	GlobalSection(ProjectConfigurationPlatforms) = postSolution
		{FE96EDBD-6C5C-484F-8C28-527F89D477A7}.Debug|Any CPU.ActiveCfg = Debug|Any CPU
		{FE96EDBD-6C5C-484F-8C28-527F89D477A7}.Debug|Any CPU.Build.0 = Debug|Any CPU
		{FE96EDBD-6C5C-484F-8C28-527F89D477A7}.Release|Any CPU.ActiveCfg = Release|Any CPU
		{FE96EDBD-6C5C-484F-8C28-527F89D477A7}.Release|Any CPU.Build.0 = Release|Any CPU
	EndGlobalSection
	GlobalSection(SolutionProperties) = preSolution
		HideSolutionNode = FALSE
	EndGlobalSection
	GlobalSection(ExtensibilityGlobals) = postSolution
		SolutionGuid = {97FDB0E1-3A38-47CA-AB88-CBB39F783A61}
	EndGlobalSection
EndGlobal
